// !$*UTF8*$!
{
	archiveVersion = 1;
	classes = {
	};
	objectVersion = 56;
	objects = {

/* Begin PBXBuildFile section */
		D19150DE2B95B7D800919D77 /* CustomCollectionViewCell.swift in Sources */ = {isa = PBXBuildFile; fileRef = D19150DD2B95B7D800919D77 /* CustomCollectionViewCell.swift */; };
		D1F99DF52B958F7500FA322E /* AppDelegate.swift in Sources */ = {isa = PBXBuildFile; fileRef = D1F99DF42B958F7500FA322E /* AppDelegate.swift */; };
		D1F99DF92B958F7500FA322E /* ViewController.swift in Sources */ = {isa = PBXBuildFile; fileRef = D1F99DF82B958F7500FA322E /* ViewController.swift */; };
		D1F99DFE2B958F7700FA322E /* Assets.xcassets in Resources */ = {isa = PBXBuildFile; fileRef = D1F99DFD2B958F7700FA322E /* Assets.xcassets */; };
		D1F99E012B958F7700FA322E /* LaunchScreen.storyboard in Resources */ = {isa = PBXBuildFile; fileRef = D1F99DFF2B958F7700FA322E /* LaunchScreen.storyboard */; };
		D1F99E0D2B95906E00FA322E /* ViewSpecificController.swift in Sources */ = {isa = PBXBuildFile; fileRef = D1F99E0C2B95906E00FA322E /* ViewSpecificController.swift */; };
		D1F99E0F2B95908700FA322E /* ReusableView.swift in Sources */ = {isa = PBXBuildFile; fileRef = D1F99E0E2B95908700FA322E /* ReusableView.swift */; };
		D1F99E112B9590C300FA322E /* UIView.swift in Sources */ = {isa = PBXBuildFile; fileRef = D1F99E102B9590C300FA322E /* UIView.swift */; };
		D1F99E132B95915300FA322E /* UIColor.swift in Sources */ = {isa = PBXBuildFile; fileRef = D1F99E122B95915300FA322E /* UIColor.swift */; };
		D1F99E182B95917D00FA322E /* AssetsColor.swift in Sources */ = {isa = PBXBuildFile; fileRef = D1F99E172B95917D00FA322E /* AssetsColor.swift */; };
		D1F99E1A2B95921300FA322E /* CustomView.swift in Sources */ = {isa = PBXBuildFile; fileRef = D1F99E192B95921300FA322E /* CustomView.swift */; };
		D1F99E222B95926800FA322E /* MainViewController.swift in Sources */ = {isa = PBXBuildFile; fileRef = D1F99E212B95926800FA322E /* MainViewController.swift */; };
		D1F99E242B95926E00FA322E /* MainView.swift in Sources */ = {isa = PBXBuildFile; fileRef = D1F99E232B95926E00FA322E /* MainView.swift */; };
		D1F99E262B95927100FA322E /* MainView.xib in Resources */ = {isa = PBXBuildFile; fileRef = D1F99E252B95927100FA322E /* MainView.xib */; };
		D1F99E282B9592A700FA322E /* RandomDataProvider.swift in Sources */ = {isa = PBXBuildFile; fileRef = D1F99E272B9592A700FA322E /* RandomDataProvider.swift */; };
		D1F99E2A2B9592FF00FA322E /* RandomCollectionViewCell.swift in Sources */ = {isa = PBXBuildFile; fileRef = D1F99E292B9592FF00FA322E /* RandomCollectionViewCell.swift */; };
		D1F99E2C2B95930200FA322E /* RandomCollectionViewCell.xib in Resources */ = {isa = PBXBuildFile; fileRef = D1F99E2B2B95930200FA322E /* RandomCollectionViewCell.xib */; };
		D1F99E352B959F8800FA322E /* MainDataProvider.swift in Sources */ = {isa = PBXBuildFile; fileRef = D1F99E342B959F8800FA322E /* MainDataProvider.swift */; };
		D1F99E372B959FDA00FA322E /* MainCollection.swift in Sources */ = {isa = PBXBuildFile; fileRef = D1F99E362B959FDA00FA322E /* MainCollection.swift */; };
		D1F99E3D2B95A07400FA322E /* RandomTableViewCell.swift in Sources */ = {isa = PBXBuildFile; fileRef = D1F99E3C2B95A07400FA322E /* RandomTableViewCell.swift */; };
		D1F99E3F2B95A08C00FA322E /* RandomTableViewCell.xib in Resources */ = {isa = PBXBuildFile; fileRef = D1F99E3E2B95A08C00FA322E /* RandomTableViewCell.xib */; };
		D1F99E412B95A0F600FA322E /* RandomContainerView.swift in Sources */ = {isa = PBXBuildFile; fileRef = D1F99E402B95A0F600FA322E /* RandomContainerView.swift */; };
		D1F99E432B95A21D00FA322E /* RandomContainerView.xib in Resources */ = {isa = PBXBuildFile; fileRef = D1F99E422B95A21D00FA322E /* RandomContainerView.xib */; };
		D1F99E462B95A29400FA322E /* SnapKit in Frameworks */ = {isa = PBXBuildFile; productRef = D1F99E452B95A29400FA322E /* SnapKit */; };
/* End PBXBuildFile section */

/* Begin PBXFileReference section */
		D19150DD2B95B7D800919D77 /* CustomCollectionViewCell.swift */ = {isa = PBXFileReference; lastKnownFileType = sourcecode.swift; path = CustomCollectionViewCell.swift; sourceTree = "<group>"; };
		D1F99DF12B958F7500FA322E /* RandomCollections.app */ = {isa = PBXFileReference; explicitFileType = wrapper.application; includeInIndex = 0; path = RandomCollections.app; sourceTree = BUILT_PRODUCTS_DIR; };
		D1F99DF42B958F7500FA322E /* AppDelegate.swift */ = {isa = PBXFileReference; lastKnownFileType = sourcecode.swift; path = AppDelegate.swift; sourceTree = "<group>"; };
		D1F99DF82B958F7500FA322E /* ViewController.swift */ = {isa = PBXFileReference; lastKnownFileType = sourcecode.swift; path = ViewController.swift; sourceTree = "<group>"; };
		D1F99DFD2B958F7700FA322E /* Assets.xcassets */ = {isa = PBXFileReference; lastKnownFileType = folder.assetcatalog; path = Assets.xcassets; sourceTree = "<group>"; };
		D1F99E002B958F7700FA322E /* Base */ = {isa = PBXFileReference; lastKnownFileType = file.storyboard; name = Base; path = Base.lproj/LaunchScreen.storyboard; sourceTree = "<group>"; };
		D1F99E022B958F7700FA322E /* Info.plist */ = {isa = PBXFileReference; lastKnownFileType = text.plist.xml; path = Info.plist; sourceTree = "<group>"; };
		D1F99E0C2B95906E00FA322E /* ViewSpecificController.swift */ = {isa = PBXFileReference; lastKnownFileType = sourcecode.swift; path = ViewSpecificController.swift; sourceTree = "<group>"; };
		D1F99E0E2B95908700FA322E /* ReusableView.swift */ = {isa = PBXFileReference; lastKnownFileType = sourcecode.swift; path = ReusableView.swift; sourceTree = "<group>"; };
		D1F99E102B9590C300FA322E /* UIView.swift */ = {isa = PBXFileReference; lastKnownFileType = sourcecode.swift; path = UIView.swift; sourceTree = "<group>"; };
		D1F99E122B95915300FA322E /* UIColor.swift */ = {isa = PBXFileReference; lastKnownFileType = sourcecode.swift; path = UIColor.swift; sourceTree = "<group>"; };
		D1F99E172B95917D00FA322E /* AssetsColor.swift */ = {isa = PBXFileReference; lastKnownFileType = sourcecode.swift; path = AssetsColor.swift; sourceTree = "<group>"; };
		D1F99E192B95921300FA322E /* CustomView.swift */ = {isa = PBXFileReference; lastKnownFileType = sourcecode.swift; path = CustomView.swift; sourceTree = "<group>"; };
		D1F99E212B95926800FA322E /* MainViewController.swift */ = {isa = PBXFileReference; lastKnownFileType = sourcecode.swift; path = MainViewController.swift; sourceTree = "<group>"; };
		D1F99E232B95926E00FA322E /* MainView.swift */ = {isa = PBXFileReference; lastKnownFileType = sourcecode.swift; path = MainView.swift; sourceTree = "<group>"; };
		D1F99E252B95927100FA322E /* MainView.xib */ = {isa = PBXFileReference; lastKnownFileType = file.xib; path = MainView.xib; sourceTree = "<group>"; };
		D1F99E272B9592A700FA322E /* RandomDataProvider.swift */ = {isa = PBXFileReference; lastKnownFileType = sourcecode.swift; path = RandomDataProvider.swift; sourceTree = "<group>"; };
		D1F99E292B9592FF00FA322E /* RandomCollectionViewCell.swift */ = {isa = PBXFileReference; lastKnownFileType = sourcecode.swift; path = RandomCollectionViewCell.swift; sourceTree = "<group>"; };
		D1F99E2B2B95930200FA322E /* RandomCollectionViewCell.xib */ = {isa = PBXFileReference; lastKnownFileType = file.xib; path = RandomCollectionViewCell.xib; sourceTree = "<group>"; };
		D1F99E342B959F8800FA322E /* MainDataProvider.swift */ = {isa = PBXFileReference; lastKnownFileType = sourcecode.swift; path = MainDataProvider.swift; sourceTree = "<group>"; };
		D1F99E362B959FDA00FA322E /* MainCollection.swift */ = {isa = PBXFileReference; lastKnownFileType = sourcecode.swift; path = MainCollection.swift; sourceTree = "<group>"; };
		D1F99E3C2B95A07400FA322E /* RandomTableViewCell.swift */ = {isa = PBXFileReference; lastKnownFileType = sourcecode.swift; path = RandomTableViewCell.swift; sourceTree = "<group>"; };
		D1F99E3E2B95A08C00FA322E /* RandomTableViewCell.xib */ = {isa = PBXFileReference; lastKnownFileType = file.xib; path = RandomTableViewCell.xib; sourceTree = "<group>"; };
		D1F99E402B95A0F600FA322E /* RandomContainerView.swift */ = {isa = PBXFileReference; lastKnownFileType = sourcecode.swift; path = RandomContainerView.swift; sourceTree = "<group>"; };
		D1F99E422B95A21D00FA322E /* RandomContainerView.xib */ = {isa = PBXFileReference; lastKnownFileType = file.xib; path = RandomContainerView.xib; sourceTree = "<group>"; };
/* End PBXFileReference section */

/* Begin PBXFrameworksBuildPhase section */
		D1F99DEE2B958F7500FA322E /* Frameworks */ = {
			isa = PBXFrameworksBuildPhase;
			buildActionMask = 2147483647;
			files = (
				D1F99E462B95A29400FA322E /* SnapKit in Frameworks */,
			);
			runOnlyForDeploymentPostprocessing = 0;
		};
/* End PBXFrameworksBuildPhase section */

/* Begin PBXGroup section */
		D1F99DE82B958F7500FA322E = {
			isa = PBXGroup;
			children = (
				D1F99DF32B958F7500FA322E /* RandomCollections */,
				D1F99DF22B958F7500FA322E /* Products */,
			);
			sourceTree = "<group>";
		};
		D1F99DF22B958F7500FA322E /* Products */ = {
			isa = PBXGroup;
			children = (
				D1F99DF12B958F7500FA322E /* RandomCollections.app */,
			);
			name = Products;
			sourceTree = "<group>";
		};
		D1F99DF32B958F7500FA322E /* RandomCollections */ = {
			isa = PBXGroup;
			children = (
				D1F99E082B958FEC00FA322E /* Shared */,
				D1F99E1B2B95922700FA322E /* Main */,
				D1F99DF42B958F7500FA322E /* AppDelegate.swift */,
				D1F99DF82B958F7500FA322E /* ViewController.swift */,
				D1F99DFD2B958F7700FA322E /* Assets.xcassets */,
				D1F99DFF2B958F7700FA322E /* LaunchScreen.storyboard */,
				D1F99E022B958F7700FA322E /* Info.plist */,
			);
			path = RandomCollections;
			sourceTree = "<group>";
		};
		D1F99E082B958FEC00FA322E /* Shared */ = {
			isa = PBXGroup;
			children = (
				D1F99E2F2B9598E600FA322E /* Models */,
				D1F99E162B95917000FA322E /* Constants */,
				D1F99E0B2B958FFB00FA322E /* Extensions */,
				D1F99E0A2B958FF600FA322E /* Classes */,
				D1F99E092B958FF200FA322E /* Protocols */,
			);
			path = Shared;
			sourceTree = "<group>";
		};
		D1F99E092B958FF200FA322E /* Protocols */ = {
			isa = PBXGroup;
			children = (
				D1F99E0C2B95906E00FA322E /* ViewSpecificController.swift */,
				D1F99E0E2B95908700FA322E /* ReusableView.swift */,
			);
			path = Protocols;
			sourceTree = "<group>";
		};
		D1F99E0A2B958FF600FA322E /* Classes */ = {
			isa = PBXGroup;
			children = (
				D1F99E192B95921300FA322E /* CustomView.swift */,
			);
			path = Classes;
			sourceTree = "<group>";
		};
		D1F99E0B2B958FFB00FA322E /* Extensions */ = {
			isa = PBXGroup;
			children = (
				D1F99E102B9590C300FA322E /* UIView.swift */,
				D1F99E122B95915300FA322E /* UIColor.swift */,
				D19150DD2B95B7D800919D77 /* CustomCollectionViewCell.swift */,
			);
			path = Extensions;
			sourceTree = "<group>";
		};
		D1F99E162B95917000FA322E /* Constants */ = {
			isa = PBXGroup;
			children = (
				D1F99E172B95917D00FA322E /* AssetsColor.swift */,
			);
			path = Constants;
			sourceTree = "<group>";
		};
		D1F99E1B2B95922700FA322E /* Main */ = {
			isa = PBXGroup;
			children = (
				D1F99E382B95A05300FA322E /* Container View */,
				D1F99E202B95924600FA322E /* Data Provider */,
				D1F99E1F2B95923F00FA322E /* View Controller */,
				D1F99E1C2B95923200FA322E /* View */,
			);
			path = Main;
			sourceTree = "<group>";
		};
		D1F99E1C2B95923200FA322E /* View */ = {
			isa = PBXGroup;
			children = (
				D1F99E1E2B95923900FA322E /* Root View */,
				D1F99E1D2B95923600FA322E /* Cell */,
			);
			path = View;
			sourceTree = "<group>";
		};
		D1F99E1D2B95923600FA322E /* Cell */ = {
			isa = PBXGroup;
			children = (
				D1F99E292B9592FF00FA322E /* RandomCollectionViewCell.swift */,
				D1F99E2B2B95930200FA322E /* RandomCollectionViewCell.xib */,
			);
			path = Cell;
			sourceTree = "<group>";
		};
		D1F99E1E2B95923900FA322E /* Root View */ = {
			isa = PBXGroup;
			children = (
				D1F99E232B95926E00FA322E /* MainView.swift */,
				D1F99E252B95927100FA322E /* MainView.xib */,
			);
			path = "Root View";
			sourceTree = "<group>";
		};
		D1F99E1F2B95923F00FA322E /* View Controller */ = {
			isa = PBXGroup;
			children = (
				D1F99E212B95926800FA322E /* MainViewController.swift */,
			);
			path = "View Controller";
			sourceTree = "<group>";
		};
		D1F99E202B95924600FA322E /* Data Provider */ = {
			isa = PBXGroup;
			children = (
				D1F99E272B9592A700FA322E /* RandomDataProvider.swift */,
				D1F99E342B959F8800FA322E /* MainDataProvider.swift */,
			);
			path = "Data Provider";
			sourceTree = "<group>";
		};
		D1F99E2F2B9598E600FA322E /* Models */ = {
			isa = PBXGroup;
			children = (
				D1F99E362B959FDA00FA322E /* MainCollection.swift */,
			);
			path = Models;
			sourceTree = "<group>";
		};
		D1F99E382B95A05300FA322E /* Container View */ = {
			isa = PBXGroup;
			children = (
				D1F99E392B95A05C00FA322E /* Random View */,
			);
			path = "Container View";
			sourceTree = "<group>";
		};
		D1F99E392B95A05C00FA322E /* Random View */ = {
			isa = PBXGroup;
			children = (
				D1F99E3B2B95A06700FA322E /* View */,
				D1F99E3A2B95A06400FA322E /* Cell */,
			);
			path = "Random View";
			sourceTree = "<group>";
		};
		D1F99E3A2B95A06400FA322E /* Cell */ = {
			isa = PBXGroup;
			children = (
				D1F99E3C2B95A07400FA322E /* RandomTableViewCell.swift */,
				D1F99E3E2B95A08C00FA322E /* RandomTableViewCell.xib */,
			);
			path = Cell;
			sourceTree = "<group>";
		};
		D1F99E3B2B95A06700FA322E /* View */ = {
			isa = PBXGroup;
			children = (
				D1F99E402B95A0F600FA322E /* RandomContainerView.swift */,
				D1F99E422B95A21D00FA322E /* RandomContainerView.xib */,
			);
			path = View;
			sourceTree = "<group>";
		};
/* End PBXGroup section */

/* Begin PBXNativeTarget section */
		D1F99DF02B958F7500FA322E /* RandomCollections */ = {
			isa = PBXNativeTarget;
			buildConfigurationList = D1F99E052B958F7700FA322E /* Build configuration list for PBXNativeTarget "RandomCollections" */;
			buildPhases = (
				D1F99DED2B958F7500FA322E /* Sources */,
				D1F99DEE2B958F7500FA322E /* Frameworks */,
				D1F99DEF2B958F7500FA322E /* Resources */,
			);
			buildRules = (
			);
			dependencies = (
			);
			name = RandomCollections;
			packageProductDependencies = (
				D1F99E452B95A29400FA322E /* SnapKit */,
			);
			productName = RandomCollections;
			productReference = D1F99DF12B958F7500FA322E /* RandomCollections.app */;
			productType = "com.apple.product-type.application";
		};
/* End PBXNativeTarget section */

/* Begin PBXProject section */
		D1F99DE92B958F7500FA322E /* Project object */ = {
			isa = PBXProject;
			attributes = {
				BuildIndependentTargetsInParallel = 1;
				LastSwiftUpdateCheck = 1520;
				LastUpgradeCheck = 1520;
				TargetAttributes = {
					D1F99DF02B958F7500FA322E = {
						CreatedOnToolsVersion = 15.2;
					};
				};
			};
			buildConfigurationList = D1F99DEC2B958F7500FA322E /* Build configuration list for PBXProject "RandomCollections" */;
			compatibilityVersion = "Xcode 14.0";
			developmentRegion = en;
			hasScannedForEncodings = 0;
			knownRegions = (
				en,
				Base,
			);
			mainGroup = D1F99DE82B958F7500FA322E;
			packageReferences = (
				D1F99E442B95A29400FA322E /* XCRemoteSwiftPackageReference "SnapKit" */,
			);
			productRefGroup = D1F99DF22B958F7500FA322E /* Products */;
			projectDirPath = "";
			projectRoot = "";
			targets = (
				D1F99DF02B958F7500FA322E /* RandomCollections */,
			);
		};
/* End PBXProject section */

/* Begin PBXResourcesBuildPhase section */
		D1F99DEF2B958F7500FA322E /* Resources */ = {
			isa = PBXResourcesBuildPhase;
			buildActionMask = 2147483647;
			files = (
				D1F99E3F2B95A08C00FA322E /* RandomTableViewCell.xib in Resources */,
				D1F99E262B95927100FA322E /* MainView.xib in Resources */,
				D1F99E2C2B95930200FA322E /* RandomCollectionViewCell.xib in Resources */,
				D1F99E012B958F7700FA322E /* LaunchScreen.storyboard in Resources */,
				D1F99DFE2B958F7700FA322E /* Assets.xcassets in Resources */,
				D1F99E432B95A21D00FA322E /* RandomContainerView.xib in Resources */,
			);
			runOnlyForDeploymentPostprocessing = 0;
		};
/* End PBXResourcesBuildPhase section */

/* Begin PBXSourcesBuildPhase section */
		D1F99DED2B958F7500FA322E /* Sources */ = {
			isa = PBXSourcesBuildPhase;
			buildActionMask = 2147483647;
			files = (
				D1F99E372B959FDA00FA322E /* MainCollection.swift in Sources */,
				D1F99E112B9590C300FA322E /* UIView.swift in Sources */,
				D1F99E1A2B95921300FA322E /* CustomView.swift in Sources */,
				D1F99E352B959F8800FA322E /* MainDataProvider.swift in Sources */,
				D1F99E132B95915300FA322E /* UIColor.swift in Sources */,
				D1F99E412B95A0F600FA322E /* RandomContainerView.swift in Sources */,
				D1F99E282B9592A700FA322E /* RandomDataProvider.swift in Sources */,
				D1F99E242B95926E00FA322E /* MainView.swift in Sources */,
				D19150DE2B95B7D800919D77 /* CustomCollectionViewCell.swift in Sources */,
				D1F99E3D2B95A07400FA322E /* RandomTableViewCell.swift in Sources */,
				D1F99E2A2B9592FF00FA322E /* RandomCollectionViewCell.swift in Sources */,
				D1F99E0D2B95906E00FA322E /* ViewSpecificController.swift in Sources */,
				D1F99DF92B958F7500FA322E /* ViewController.swift in Sources */,
				D1F99DF52B958F7500FA322E /* AppDelegate.swift in Sources */,
				D1F99E222B95926800FA322E /* MainViewController.swift in Sources */,
				D1F99E0F2B95908700FA322E /* ReusableView.swift in Sources */,
				D1F99E182B95917D00FA322E /* AssetsColor.swift in Sources */,
			);
			runOnlyForDeploymentPostprocessing = 0;
		};
/* End PBXSourcesBuildPhase section */

/* Begin PBXVariantGroup section */
		D1F99DFF2B958F7700FA322E /* LaunchScreen.storyboard */ = {
			isa = PBXVariantGroup;
			children = (
				D1F99E002B958F7700FA322E /* Base */,
			);
			name = LaunchScreen.storyboard;
			sourceTree = "<group>";
		};
/* End PBXVariantGroup section */

/* Begin XCBuildConfiguration section */
		D1F99E032B958F7700FA322E /* Debug */ = {
			isa = XCBuildConfiguration;
			buildSettings = {
				ALWAYS_SEARCH_USER_PATHS = NO;
				ASSETCATALOG_COMPILER_GENERATE_SWIFT_ASSET_SYMBOL_EXTENSIONS = YES;
				CLANG_ANALYZER_NONNULL = YES;
				CLANG_ANALYZER_NUMBER_OBJECT_CONVERSION = YES_AGGRESSIVE;
				CLANG_CXX_LANGUAGE_STANDARD = "gnu++20";
				CLANG_ENABLE_MODULES = YES;
				CLANG_ENABLE_OBJC_ARC = YES;
				CLANG_ENABLE_OBJC_WEAK = YES;
				CLANG_WARN_BLOCK_CAPTURE_AUTORELEASING = YES;
				CLANG_WARN_BOOL_CONVERSION = YES;
				CLANG_WARN_COMMA = YES;
				CLANG_WARN_CONSTANT_CONVERSION = YES;
				CLANG_WARN_DEPRECATED_OBJC_IMPLEMENTATIONS = YES;
				CLANG_WARN_DIRECT_OBJC_ISA_USAGE = YES_ERROR;
				CLANG_WARN_DOCUMENTATION_COMMENTS = YES;
				CLANG_WARN_EMPTY_BODY = YES;
				CLANG_WARN_ENUM_CONVERSION = YES;
				CLANG_WARN_INFINITE_RECURSION = YES;
				CLANG_WARN_INT_CONVERSION = YES;
				CLANG_WARN_NON_LITERAL_NULL_CONVERSION = YES;
				CLANG_WARN_OBJC_IMPLICIT_RETAIN_SELF = YES;
				CLANG_WARN_OBJC_LITERAL_CONVERSION = YES;
				CLANG_WARN_OBJC_ROOT_CLASS = YES_ERROR;
				CLANG_WARN_QUOTED_INCLUDE_IN_FRAMEWORK_HEADER = YES;
				CLANG_WARN_RANGE_LOOP_ANALYSIS = YES;
				CLANG_WARN_STRICT_PROTOTYPES = YES;
				CLANG_WARN_SUSPICIOUS_MOVE = YES;
				CLANG_WARN_UNGUARDED_AVAILABILITY = YES_AGGRESSIVE;
				CLANG_WARN_UNREACHABLE_CODE = YES;
				CLANG_WARN__DUPLICATE_METHOD_MATCH = YES;
				COPY_PHASE_STRIP = NO;
				DEBUG_INFORMATION_FORMAT = dwarf;
				ENABLE_STRICT_OBJC_MSGSEND = YES;
				ENABLE_TESTABILITY = YES;
				ENABLE_USER_SCRIPT_SANDBOXING = YES;
				GCC_C_LANGUAGE_STANDARD = gnu17;
				GCC_DYNAMIC_NO_PIC = NO;
				GCC_NO_COMMON_BLOCKS = YES;
				GCC_OPTIMIZATION_LEVEL = 0;
				GCC_PREPROCESSOR_DEFINITIONS = (
					"DEBUG=1",
					"$(inherited)",
				);
				GCC_WARN_64_TO_32_BIT_CONVERSION = YES;
				GCC_WARN_ABOUT_RETURN_TYPE = YES_ERROR;
				GCC_WARN_UNDECLARED_SELECTOR = YES;
				GCC_WARN_UNINITIALIZED_AUTOS = YES_AGGRESSIVE;
				GCC_WARN_UNUSED_FUNCTION = YES;
				GCC_WARN_UNUSED_VARIABLE = YES;
				IPHONEOS_DEPLOYMENT_TARGET = 13.0;
				LOCALIZATION_PREFERS_STRING_CATALOGS = YES;
				MTL_ENABLE_DEBUG_INFO = INCLUDE_SOURCE;
				MTL_FAST_MATH = YES;
				ONLY_ACTIVE_ARCH = YES;
				SDKROOT = iphoneos;
				SWIFT_ACTIVE_COMPILATION_CONDITIONS = "DEBUG $(inherited)";
				SWIFT_OPTIMIZATION_LEVEL = "-Onone";
			};
			name = Debug;
		};
		D1F99E042B958F7700FA322E /* Release */ = {
			isa = XCBuildConfiguration;
			buildSettings = {
				ALWAYS_SEARCH_USER_PATHS = NO;
				ASSETCATALOG_COMPILER_GENERATE_SWIFT_ASSET_SYMBOL_EXTENSIONS = YES;
				CLANG_ANALYZER_NONNULL = YES;
				CLANG_ANALYZER_NUMBER_OBJECT_CONVERSION = YES_AGGRESSIVE;
				CLANG_CXX_LANGUAGE_STANDARD = "gnu++20";
				CLANG_ENABLE_MODULES = YES;
				CLANG_ENABLE_OBJC_ARC = YES;
				CLANG_ENABLE_OBJC_WEAK = YES;
				CLANG_WARN_BLOCK_CAPTURE_AUTORELEASING = YES;
				CLANG_WARN_BOOL_CONVERSION = YES;
				CLANG_WARN_COMMA = YES;
				CLANG_WARN_CONSTANT_CONVERSION = YES;
				CLANG_WARN_DEPRECATED_OBJC_IMPLEMENTATIONS = YES;
				CLANG_WARN_DIRECT_OBJC_ISA_USAGE = YES_ERROR;
				CLANG_WARN_DOCUMENTATION_COMMENTS = YES;
				CLANG_WARN_EMPTY_BODY = YES;
				CLANG_WARN_ENUM_CONVERSION = YES;
				CLANG_WARN_INFINITE_RECURSION = YES;
				CLANG_WARN_INT_CONVERSION = YES;
				CLANG_WARN_NON_LITERAL_NULL_CONVERSION = YES;
				CLANG_WARN_OBJC_IMPLICIT_RETAIN_SELF = YES;
				CLANG_WARN_OBJC_LITERAL_CONVERSION = YES;
				CLANG_WARN_OBJC_ROOT_CLASS = YES_ERROR;
				CLANG_WARN_QUOTED_INCLUDE_IN_FRAMEWORK_HEADER = YES;
				CLANG_WARN_RANGE_LOOP_ANALYSIS = YES;
				CLANG_WARN_STRICT_PROTOTYPES = YES;
				CLANG_WARN_SUSPICIOUS_MOVE = YES;
				CLANG_WARN_UNGUARDED_AVAILABILITY = YES_AGGRESSIVE;
				CLANG_WARN_UNREACHABLE_CODE = YES;
				CLANG_WARN__DUPLICATE_METHOD_MATCH = YES;
				COPY_PHASE_STRIP = NO;
				DEBUG_INFORMATION_FORMAT = "dwarf-with-dsym";
				ENABLE_NS_ASSERTIONS = NO;
				ENABLE_STRICT_OBJC_MSGSEND = YES;
				ENABLE_USER_SCRIPT_SANDBOXING = YES;
				GCC_C_LANGUAGE_STANDARD = gnu17;
				GCC_NO_COMMON_BLOCKS = YES;
				GCC_WARN_64_TO_32_BIT_CONVERSION = YES;
				GCC_WARN_ABOUT_RETURN_TYPE = YES_ERROR;
				GCC_WARN_UNDECLARED_SELECTOR = YES;
				GCC_WARN_UNINITIALIZED_AUTOS = YES_AGGRESSIVE;
				GCC_WARN_UNUSED_FUNCTION = YES;
				GCC_WARN_UNUSED_VARIABLE = YES;
				IPHONEOS_DEPLOYMENT_TARGET = 13.0;
				LOCALIZATION_PREFERS_STRING_CATALOGS = YES;
				MTL_ENABLE_DEBUG_INFO = NO;
				MTL_FAST_MATH = YES;
				SDKROOT = iphoneos;
				SWIFT_COMPILATION_MODE = wholemodule;
				VALIDATE_PRODUCT = YES;
			};
			name = Release;
		};
		D1F99E062B958F7700FA322E /* Debug */ = {
			isa = XCBuildConfiguration;
			buildSettings = {
				ASSETCATALOG_COMPILER_APPICON_NAME = AppIcon;
				ASSETCATALOG_COMPILER_GLOBAL_ACCENT_COLOR_NAME = AccentColor;
				CODE_SIGN_STYLE = Automatic;
				CURRENT_PROJECT_VERSION = 1;
				DEVELOPMENT_TEAM = G82BQXGANZ;
				GENERATE_INFOPLIST_FILE = YES;
				INFOPLIST_FILE = RandomCollections/Info.plist;
				INFOPLIST_KEY_UIApplicationSupportsIndirectInputEvents = YES;
				INFOPLIST_KEY_UILaunchStoryboardName = LaunchScreen;
				INFOPLIST_KEY_UISupportedInterfaceOrientations_iPad = "UIInterfaceOrientationPortrait UIInterfaceOrientationPortraitUpsideDown UIInterfaceOrientationLandscapeLeft UIInterfaceOrientationLandscapeRight";
				INFOPLIST_KEY_UISupportedInterfaceOrientations_iPhone = "UIInterfaceOrientationPortrait UIInterfaceOrientationLandscapeLeft UIInterfaceOrientationLandscapeRight";
				LD_RUNPATH_SEARCH_PATHS = (
					"$(inherited)",
					"@executable_path/Frameworks",
				);
				MARKETING_VERSION = 1.0;
				PRODUCT_BUNDLE_IDENTIFIER = com.negative.RandomCollections;
				PRODUCT_NAME = "$(TARGET_NAME)";
				SWIFT_EMIT_LOC_STRINGS = YES;
				SWIFT_VERSION = 5.0;
				TARGETED_DEVICE_FAMILY = "1,2";
			};
			name = Debug;
		};
		D1F99E072B958F7700FA322E /* Release */ = {
			isa = XCBuildConfiguration;
			buildSettings = {
				ASSETCATALOG_COMPILER_APPICON_NAME = AppIcon;
				ASSETCATALOG_COMPILER_GLOBAL_ACCENT_COLOR_NAME = AccentColor;
				CODE_SIGN_STYLE = Automatic;
				CURRENT_PROJECT_VERSION = 1;
				DEVELOPMENT_TEAM = G82BQXGANZ;
				GENERATE_INFOPLIST_FILE = YES;
				INFOPLIST_FILE = RandomCollections/Info.plist;
				INFOPLIST_KEY_UIApplicationSupportsIndirectInputEvents = YES;
				INFOPLIST_KEY_UILaunchStoryboardName = LaunchScreen;
				INFOPLIST_KEY_UISupportedInterfaceOrientations_iPad = "UIInterfaceOrientationPortrait UIInterfaceOrientationPortraitUpsideDown UIInterfaceOrientationLandscapeLeft UIInterfaceOrientationLandscapeRight";
				INFOPLIST_KEY_UISupportedInterfaceOrientations_iPhone = "UIInterfaceOrientationPortrait UIInterfaceOrientationLandscapeLeft UIInterfaceOrientationLandscapeRight";
				LD_RUNPATH_SEARCH_PATHS = (
					"$(inherited)",
					"@executable_path/Frameworks",
				);
				MARKETING_VERSION = 1.0;
				PRODUCT_BUNDLE_IDENTIFIER = com.negative.RandomCollections;
				PRODUCT_NAME = "$(TARGET_NAME)";
				SWIFT_EMIT_LOC_STRINGS = YES;
				SWIFT_VERSION = 5.0;
				TARGETED_DEVICE_FAMILY = "1,2";
			};
			name = Release;
		};
/* End XCBuildConfiguration section */

/* Begin XCConfigurationList section */
		D1F99DEC2B958F7500FA322E /* Build configuration list for PBXProject "RandomCollections" */ = {
			isa = XCConfigurationList;
			buildConfigurations = (
				D1F99E032B958F7700FA322E /* Debug */,
				D1F99E042B958F7700FA322E /* Release */,
			);
			defaultConfigurationIsVisible = 0;
			defaultConfigurationName = Release;
		};
		D1F99E052B958F7700FA322E /* Build configuration list for PBXNativeTarget "RandomCollections" */ = {
			isa = XCConfigurationList;
			buildConfigurations = (
				D1F99E062B958F7700FA322E /* Debug */,
				D1F99E072B958F7700FA322E /* Release */,
			);
			defaultConfigurationIsVisible = 0;
			defaultConfigurationName = Release;
		};
/* End XCConfigurationList section */

/* Begin XCRemoteSwiftPackageReference section */
		D1F99E442B95A29400FA322E /* XCRemoteSwiftPackageReference "SnapKit" */ = {
			isa = XCRemoteSwiftPackageReference;
			repositoryURL = "https://github.com/SnapKit/SnapKit.git";
			requirement = {
				kind = upToNextMajorVersion;
				minimumVersion = 5.7.1;
			};
		};
/* End XCRemoteSwiftPackageReference section */

/* Begin XCSwiftPackageProductDependency section */
		D1F99E452B95A29400FA322E /* SnapKit */ = {
			isa = XCSwiftPackageProductDependency;
			package = D1F99E442B95A29400FA322E /* XCRemoteSwiftPackageReference "SnapKit" */;
			productName = SnapKit;
		};
/* End XCSwiftPackageProductDependency section */
	};
	rootObject = D1F99DE92B958F7500FA322E /* Project object */;
}
